
Microsoft Visual Studio Solution File, Format Version 12.00
# Visual Studio Version 16
VisualStudioVersion = 16.0.31729.503
MinimumVisualStudioVersion = 10.0.40219.1
Project("{FAE04EC0-301F-11D3-BF4B-00C04F79EFBC}") = "SafriSoftv1.3", "SafriSoftv1.3.csproj", "{7142009E-FBED-45F7-90B7-D3C5D62172D6}"
EndProject
Global
	GlobalSection(SolutionConfigurationPlatforms) = preSolution
		Debug|Any CPU = Debug|Any CPU
		Release|Any CPU = Release|Any CPU
	EndGlobalSection
	GlobalSection(ProjectConfigurationPlatforms) = postSolution
		{7142009E-FBED-45F7-90B7-D3C5D62172D6}.Debug|Any CPU.ActiveCfg = Debug|Any CPU
		{7142009E-FBED-45F7-90B7-D3C5D62172D6}.Debug|Any CPU.Build.0 = Debug|Any CPU
		{7142009E-FBED-45F7-90B7-D3C5D62172D6}.Release|Any CPU.ActiveCfg = Release|Any CPU
		{7142009E-FBED-45F7-90B7-D3C5D62172D6}.Release|Any CPU.Build.0 = Release|Any CPU
	EndGlobalSection
	GlobalSection(SolutionProperties) = preSolution
		HideSolutionNode = FALSE
	EndGlobalSection
	GlobalSection(ExtensibilityGlobals) = postSolution
		SolutionGuid = {090F7C46-3019-45DC-A4E4-35C5B203F3DA}
	EndGlobalSection
EndGlobal
